// !$*UTF8*$!
{
	archiveVersion = 1;
	classes = {
	};
	objectVersion = 45;
	objects = {

/* Begin PBXBuildFile section */
		C6163A8D11DC099100571CBA /* dlsode.f in Sources */ = {isa = PBXBuildFile; fileRef = C6163A8A11DC099100571CBA /* dlsode.f */; };
		C6163A8E11DC099100571CBA /* ljmc.f90 in Sources */ = {isa = PBXBuildFile; fileRef = C6163A8B11DC099100571CBA /* ljmc.f90 */; };
		C6163A8F11DC099100571CBA /* vgwspb_H2_4G_Rc_Q_tau_SqrtMeff_Mar03.f in Sources */ = {isa = PBXBuildFile; fileRef = C6163A8C11DC099100571CBA /* vgwspb_H2_4G_Rc_Q_tau_SqrtMeff_Mar03.f */; };
		C6163A9C11DC0E4D00571CBA /* libmkl_core.a in Frameworks */ = {isa = PBXBuildFile; fileRef = C6163A9B11DC0E4D00571CBA /* libmkl_core.a */; };
		C6163A9E11DC0E4D00571CBA /* libmkl_intel_lp64.a in Frameworks */ = {isa = PBXBuildFile; fileRef = C6163A9D11DC0E4D00571CBA /* libmkl_intel_lp64.a */; };
		C6163AA011DC0E4D00571CBA /* libmkl_sequential.a in Frameworks */ = {isa = PBXBuildFile; fileRef = C6163A9F11DC0E4D00571CBA /* libmkl_sequential.a */; };
		C6163ACC11DC343200571CBA /* interaction_lists.f90 in Sources */ = {isa = PBXBuildFile; fileRef = C6163AC811DC343200571CBA /* interaction_lists.f90 */; };
		C6163ACD11DC343200571CBA /* potential_energy.f90 in Sources */ = {isa = PBXBuildFile; fileRef = C6163AC911DC343200571CBA /* potential_energy.f90 */; };
		C6163ACE11DC343200571CBA /* vgw.f90 in Sources */ = {isa = PBXBuildFile; fileRef = C6163ACA11DC343200571CBA /* vgw.f90 */; };
		C6163ACF11DC343200571CBA /* vgw0.f90 in Sources */ = {isa = PBXBuildFile; fileRef = C6163ACB11DC343200571CBA /* vgw0.f90 */; };
		C6163ADC11DC346A00571CBA /* rhss0.f90 in Sources */ = {isa = PBXBuildFile; fileRef = C6163ADB11DC346A00571CBA /* rhss0.f90 */; };
/* End PBXBuildFile section */

/* Begin PBXCopyFilesBuildPhase section */
		8DD76FAF0486AB0100D96B5E /* CopyFiles */ = {
			isa = PBXCopyFilesBuildPhase;
			buildActionMask = 8;
			dstPath = /usr/share/man/man1/;
			dstSubfolderSpec = 0;
			files = (
			);
			runOnlyForDeploymentPostprocessing = 1;
		};
/* End PBXCopyFilesBuildPhase section */

/* Begin PBXFileReference section */
		8DD76FB20486AB0100D96B5E /* ljmc */ = {isa = PBXFileReference; explicitFileType = "compiled.mach-o.executable"; includeInIndex = 0; path = ljmc; sourceTree = BUILT_PRODUCTS_DIR; };
		C6163A8A11DC099100571CBA /* dlsode.f */ = {isa = PBXFileReference; fileEncoding = 4; lastKnownFileType = sourcecode.fortran; path = dlsode.f; sourceTree = "<group>"; };
		C6163A8B11DC099100571CBA /* ljmc.f90 */ = {isa = PBXFileReference; fileEncoding = 4; lastKnownFileType = sourcecode.fortran.f90; path = ljmc.f90; sourceTree = "<group>"; };
		C6163A8C11DC099100571CBA /* vgwspb_H2_4G_Rc_Q_tau_SqrtMeff_Mar03.f */ = {isa = PBXFileReference; fileEncoding = 4; lastKnownFileType = sourcecode.fortran; path = vgwspb_H2_4G_Rc_Q_tau_SqrtMeff_Mar03.f; sourceTree = "<group>"; };
		C6163A9B11DC0E4D00571CBA /* libmkl_core.a */ = {isa = PBXFileReference; lastKnownFileType = archive.ar; name = libmkl_core.a; path = /Developer/opt/intel/Compiler/11.1/084/Frameworks/mkl/lib/em64t/libmkl_core.a; sourceTree = "<absolute>"; };
		C6163A9D11DC0E4D00571CBA /* libmkl_intel_lp64.a */ = {isa = PBXFileReference; lastKnownFileType = archive.ar; name = libmkl_intel_lp64.a; path = /Developer/opt/intel/Compiler/11.1/084/Frameworks/mkl/lib/em64t/libmkl_intel_lp64.a; sourceTree = "<absolute>"; };
		C6163A9F11DC0E4D00571CBA /* libmkl_sequential.a */ = {isa = PBXFileReference; lastKnownFileType = archive.ar; name = libmkl_sequential.a; path = /Developer/opt/intel/Compiler/11.1/084/Frameworks/mkl/lib/em64t/libmkl_sequential.a; sourceTree = "<absolute>"; };
		C6163AC811DC343200571CBA /* interaction_lists.f90 */ = {isa = PBXFileReference; fileEncoding = 4; lastKnownFileType = sourcecode.fortran.f90; path = interaction_lists.f90; sourceTree = "<group>"; };
		C6163AC911DC343200571CBA /* potential_energy.f90 */ = {isa = PBXFileReference; fileEncoding = 4; lastKnownFileType = sourcecode.fortran.f90; path = potential_energy.f90; sourceTree = "<group>"; };
		C6163ACA11DC343200571CBA /* vgw.f90 */ = {isa = PBXFileReference; fileEncoding = 4; lastKnownFileType = sourcecode.fortran.f90; path = vgw.f90; sourceTree = "<group>"; };
		C6163ACB11DC343200571CBA /* vgw0.f90 */ = {isa = PBXFileReference; fileEncoding = 4; lastKnownFileType = sourcecode.fortran.f90; path = vgw0.f90; sourceTree = "<group>"; };
		C6163ADB11DC346A00571CBA /* rhss0.f90 */ = {isa = PBXFileReference; fileEncoding = 4; lastKnownFileType = sourcecode.fortran.f90; path = rhss0.f90; sourceTree = "<group>"; };
/* End PBXFileReference section */

/* Begin PBXFrameworksBuildPhase section */
		8DD76FAD0486AB0100D96B5E /* Frameworks */ = {
			isa = PBXFrameworksBuildPhase;
			buildActionMask = 2147483647;
			files = (
				C6163A9C11DC0E4D00571CBA /* libmkl_core.a in Frameworks */,
				C6163A9E11DC0E4D00571CBA /* libmkl_intel_lp64.a in Frameworks */,
				C6163AA011DC0E4D00571CBA /* libmkl_sequential.a in Frameworks */,
			);
			runOnlyForDeploymentPostprocessing = 0;
		};
/* End PBXFrameworksBuildPhase section */

/* Begin PBXGroup section */
		08FB7794FE84155DC02AAC07 /* ljmc */ = {
			isa = PBXGroup;
			children = (
				C6163ADB11DC346A00571CBA /* rhss0.f90 */,
				C6163AC811DC343200571CBA /* interaction_lists.f90 */,
				C6163AC911DC343200571CBA /* potential_energy.f90 */,
				C6163ACA11DC343200571CBA /* vgw.f90 */,
				C6163ACB11DC343200571CBA /* vgw0.f90 */,
				C6163A8A11DC099100571CBA /* dlsode.f */,
				C6163A8B11DC099100571CBA /* ljmc.f90 */,
				C6163A8C11DC099100571CBA /* vgwspb_H2_4G_Rc_Q_tau_SqrtMeff_Mar03.f */,
				08FB7795FE84155DC02AAC07 /* Source */,
				C6A0FF2B0290797F04C91782 /* Documentation */,
				1AB674ADFE9D54B511CA2CBB /* Products */,
				C6163A9B11DC0E4D00571CBA /* libmkl_core.a */,
				C6163A9D11DC0E4D00571CBA /* libmkl_intel_lp64.a */,
				C6163A9F11DC0E4D00571CBA /* libmkl_sequential.a */,
			);
			name = ljmc;
			sourceTree = "<group>";
		};
		08FB7795FE84155DC02AAC07 /* Source */ = {
			isa = PBXGroup;
			children = (
			);
			name = Source;
			sourceTree = "<group>";
		};
		1AB674ADFE9D54B511CA2CBB /* Products */ = {
			isa = PBXGroup;
			children = (
				8DD76FB20486AB0100D96B5E /* ljmc */,
			);
			name = Products;
			sourceTree = "<group>";
		};
		C6A0FF2B0290797F04C91782 /* Documentation */ = {
			isa = PBXGroup;
			children = (
			);
			name = Documentation;
			sourceTree = "<group>";
		};
/* End PBXGroup section */

/* Begin PBXNativeTarget section */
		8DD76FA90486AB0100D96B5E /* ljmc */ = {
			isa = PBXNativeTarget;
			buildConfigurationList = 1DEB928508733DD80010E9CD /* Build configuration list for PBXNativeTarget "ljmc" */;
			buildPhases = (
				8DD76FAB0486AB0100D96B5E /* Sources */,
				8DD76FAD0486AB0100D96B5E /* Frameworks */,
				8DD76FAF0486AB0100D96B5E /* CopyFiles */,
			);
			buildRules = (
			);
			dependencies = (
			);
			name = ljmc;
			productInstallPath = "$(HOME)/bin";
			productName = ljmc;
			productReference = 8DD76FB20486AB0100D96B5E /* ljmc */;
			productType = "com.apple.product-type.tool";
		};
/* End PBXNativeTarget section */

/* Begin PBXProject section */
		08FB7793FE84155DC02AAC07 /* Project object */ = {
			isa = PBXProject;
			buildConfigurationList = 1DEB928908733DD80010E9CD /* Build configuration list for PBXProject "ljmc" */;
			compatibilityVersion = "Xcode 3.1";
			hasScannedForEncodings = 1;
			mainGroup = 08FB7794FE84155DC02AAC07 /* ljmc */;
			projectDirPath = "";
			projectRoot = "";
			targets = (
				8DD76FA90486AB0100D96B5E /* ljmc */,
			);
		};
/* End PBXProject section */

/* Begin PBXSourcesBuildPhase section */
		8DD76FAB0486AB0100D96B5E /* Sources */ = {
			isa = PBXSourcesBuildPhase;
			buildActionMask = 2147483647;
			files = (
				C6163A8D11DC099100571CBA /* dlsode.f in Sources */,
				C6163A8E11DC099100571CBA /* ljmc.f90 in Sources */,
				C6163A8F11DC099100571CBA /* vgwspb_H2_4G_Rc_Q_tau_SqrtMeff_Mar03.f in Sources */,
				C6163ACC11DC343200571CBA /* interaction_lists.f90 in Sources */,
				C6163ACD11DC343200571CBA /* potential_energy.f90 in Sources */,
				C6163ACE11DC343200571CBA /* vgw.f90 in Sources */,
				C6163ACF11DC343200571CBA /* vgw0.f90 in Sources */,
				C6163ADC11DC346A00571CBA /* rhss0.f90 in Sources */,
			);
			runOnlyForDeploymentPostprocessing = 0;
		};
/* End PBXSourcesBuildPhase section */

/* Begin XCBuildConfiguration section */
		1DEB928608733DD80010E9CD /* Debug */ = {
			isa = XCBuildConfiguration;
			buildSettings = {
				ALWAYS_SEARCH_USER_PATHS = NO;
				COPY_PHASE_STRIP = NO;
				GCC_DYNAMIC_NO_PIC = NO;
				GCC_ENABLE_FIX_AND_CONTINUE = YES;
				GCC_MODEL_TUNING = G5;
				GCC_OPTIMIZATION_LEVEL = 0;
				INSTALL_PATH = /usr/local/bin;
				LIBRARY_SEARCH_PATHS = (
					"$(inherited)",
					"\"$(DEVELOPER_DIR)/opt/intel/Compiler/11.1/084/Frameworks/mkl/lib/em64t\"",
				);
				PRODUCT_NAME = ljmc;
			};
			name = Debug;
		};
		1DEB928708733DD80010E9CD /* Release */ = {
			isa = XCBuildConfiguration;
			buildSettings = {
				ALWAYS_SEARCH_USER_PATHS = NO;
				DEBUG_INFORMATION_FORMAT = "dwarf-with-dsym";
				GCC_MODEL_TUNING = G5;
				INSTALL_PATH = /usr/local/bin;
				LIBRARY_SEARCH_PATHS = (
					"$(inherited)",
					"\"$(DEVELOPER_DIR)/opt/intel/Compiler/11.1/084/Frameworks/mkl/lib/em64t\"",
				);
				PRODUCT_NAME = ljmc;
			};
			name = Release;
		};
		1DEB928A08733DD80010E9CD /* Debug */ = {
			isa = XCBuildConfiguration;
			buildSettings = {
				ARCHS = "$(ARCHS_STANDARD_32_64_BIT)";
				GCC_C_LANGUAGE_STANDARD = gnu99;
				GCC_OPTIMIZATION_LEVEL = 0;
				GCC_WARN_ABOUT_RETURN_TYPE = YES;
				GCC_WARN_UNUSED_VARIABLE = YES;
				ONLY_ACTIVE_ARCH = YES;
				PREBINDING = NO;
				SDKROOT = macosx10.6;
			};
			name = Debug;
		};
		1DEB928B08733DD80010E9CD /* Release */ = {
			isa = XCBuildConfiguration;
			buildSettings = {
				ARCHS = "$(ARCHS_STANDARD_32_64_BIT)";
				GCC_C_LANGUAGE_STANDARD = gnu99;
				GCC_WARN_ABOUT_RETURN_TYPE = YES;
				GCC_WARN_UNUSED_VARIABLE = YES;
				PREBINDING = NO;
				SDKROOT = macosx10.6;
			};
			name = Release;
		};
/* End XCBuildConfiguration section */

/* Begin XCConfigurationList section */
		1DEB928508733DD80010E9CD /* Build configuration list for PBXNativeTarget "ljmc" */ = {
			isa = XCConfigurationList;
			buildConfigurations = (
				1DEB928608733DD80010E9CD /* Debug */,
				1DEB928708733DD80010E9CD /* Release */,
			);
			defaultConfigurationIsVisible = 0;
			defaultConfigurationName = Release;
		};
		1DEB928908733DD80010E9CD /* Build configuration list for PBXProject "ljmc" */ = {
			isa = XCConfigurationList;
			buildConfigurations = (
				1DEB928A08733DD80010E9CD /* Debug */,
				1DEB928B08733DD80010E9CD /* Release */,
			);
			defaultConfigurationIsVisible = 0;
			defaultConfigurationName = Release;
		};
/* End XCConfigurationList section */
	};
	rootObject = 08FB7793FE84155DC02AAC07 /* Project object */;
}
